
Microsoft Visual Studio Solution File, Format Version 12.00
# Visual Studio Version 17
VisualStudioVersion = 17.8.34511.84
MinimumVisualStudioVersion = 10.0.40219.1
Project("{2150E333-8FDC-42A3-9474-1A3956D46DE8}") = "Data", "Data", "{120A7975-7128-41DA-9406-DCAC80BECF81}"
EndProject
Project("{2150E333-8FDC-42A3-9474-1A3956D46DE8}") = "Model", "Model", "{9DC26E62-8924-4472-839F-576B0F59C419}"
EndProject
Project("{2150E333-8FDC-42A3-9474-1A3956D46DE8}") = "UI", "UI", "{557E5FB5-AA45-494A-8BEF-B744B7B480FD}"
EndProject
Project("{2150E333-8FDC-42A3-9474-1A3956D46DE8}") = "Views", "Views", "{458C2234-6979-4D40-BF7E-F0C1EF4DFFBB}"
EndProject
Project("{2150E333-8FDC-42A3-9474-1A3956D46DE8}") = "ViewModels", "ViewModels", "{EFF54811-73F6-40CB-9F07-2EADD3E9F3FF}"
EndProject
Project("{2150E333-8FDC-42A3-9474-1A3956D46DE8}") = "Tests", "Tests", "{46FFF1F7-BD3D-4772-AB98-2BB7BAB5EB91}"
EndProject
Project("{9A19103F-16F7-4668-BE54-9A1E7A4F7556}") = "Camping_UI_DescriptionPop", "UI\Camping.UI.DescriptionPop\Camping_UI_DescriptionPop.csproj", "{637EC1E3-2F22-4359-B521-3CA32F4510DD}"
EndProject
Project("{9A19103F-16F7-4668-BE54-9A1E7A4F7556}") = "Camping_UI_Index", "UI\Camping.UI.HomePage\Camping_UI_Index.csproj", "{E74391D0-7E22-4E7D-9FC2-310220635416}"
EndProject
Project("{9A19103F-16F7-4668-BE54-9A1E7A4F7556}") = "Camping_UI_ReservationFilter", "UI\Camping.UI.ReservationFilter\Camping_UI_ReservationFilter.csproj", "{4438B855-12FC-4ED4-A622-362623912233}"
EndProject
Project("{9A19103F-16F7-4668-BE54-9A1E7A4F7556}") = "Camping_UI_MakeReservationPage", "UI\Camping.UI.MakeReservationPage\Camping_UI_MakeReservationPage.csproj", "{6D14E72C-75C3-4258-8CD7-F28A8123C10D}"
EndProject
Project("{2150E333-8FDC-42A3-9474-1A3956D46DE8}") = "Util", "Util", "{D05DFA41-2C22-470D-8343-77F46C65CA5E}"
EndProject
Project("{9A19103F-16F7-4668-BE54-9A1E7A4F7556}") = "NotificationService", "UI\Util\NotificationService\NotificationService.csproj", "{A25F871F-4668-4A6C-854B-B1AAA70DD3F5}"
EndProject
Project("{2150E333-8FDC-42A3-9474-1A3956D46DE8}") = "Menu", "Menu", "{5C5BF768-1928-4C96-9C04-0F8E26F7D49B}"
EndProject
Project("{2150E333-8FDC-42A3-9474-1A3956D46DE8}") = "Styles", "Styles", "{5D3ED6CE-45E9-4EAA-94CF-CC2011BDAD1F}"
EndProject
Project("{9A19103F-16F7-4668-BE54-9A1E7A4F7556}") = "Styles", "UI\Styles\Styles.csproj", "{E58A0E16-1B62-4396-B126-BB2BC20854D4}"
EndProject
Project("{9A19103F-16F7-4668-BE54-9A1E7A4F7556}") = "Camping_UI_Views_UserControls", "UI\Views\Camping_UI_Views_UserControls\Camping_UI_Views_UserControls.csproj", "{71BEDEC0-695F-497F-A205-04E5EBA0739E}"
EndProject
Project("{9A19103F-16F7-4668-BE54-9A1E7A4F7556}") = "Camping_Data", "Data\Camping.Data\Camping_Data.csproj", "{D010BA3E-4181-444E-B54D-600E3C87B4F2}"
EndProject
Project("{2150E333-8FDC-42A3-9474-1A3956D46DE8}") = "Interfaces", "Interfaces", "{91C028D7-81ED-4308-836D-799441190A54}"
EndProject
Project("{2150E333-8FDC-42A3-9474-1A3956D46DE8}") = "Services", "Services", "{118EABBA-B640-4DF6-BB99-37288FEF0648}"
EndProject
Project("{9A19103F-16F7-4668-BE54-9A1E7A4F7556}") = "Camping_BLL", "Model\Camping_BLL\Camping_BLL.csproj", "{7B7B77A3-563A-42AF-A632-A51D84E29A10}"
EndProject
Project("{9A19103F-16F7-4668-BE54-9A1E7A4F7556}") = "Camping_BLL_Map", "Model\Camping_BLL_Map\Camping_BLL_Map.csproj", "{524FE444-26BA-4607-87BB-10E86558F020}"
EndProject
Project("{9A19103F-16F7-4668-BE54-9A1E7A4F7556}") = "Camping_BLL_MakeReservationPage", "Model\Camping.BLL.MakeReservationPage\Camping_BLL_MakeReservationPage.csproj", "{C1F1645A-0E74-41AD-9F0A-1DB8C6DA1C03}"
EndProject
Project("{9A19103F-16F7-4668-BE54-9A1E7A4F7556}") = "Camping_BLL_Index", "Model\Camping.BLL.Index\Camping_BLL_Index.csproj", "{4CBF980E-44B2-44C6-9CE3-2E5845A7225E}"
EndProject
Project("{9A19103F-16F7-4668-BE54-9A1E7A4F7556}") = "Camping_BLL_DescriptionPop", "Model\Camping.BLL.DescriptionPop\Camping_BLL_DescriptionPop.csproj", "{0E89D104-9E15-40DD-8CAB-617903285D04}"
EndProject
Project("{9A19103F-16F7-4668-BE54-9A1E7A4F7556}") = "Camping_BLL_ReservationFilter", "Model\Camping.BLL.ReservationFilter\Camping_BLL_ReservationFilter.csproj", "{702E5A6A-006F-4785-AA26-CE1D9839E29B}"
EndProject
Project("{9A19103F-16F7-4668-BE54-9A1E7A4F7556}") = "ObserverDeck", "Model\ObserverDeck\ObserverDeck.csproj", "{5C5096EA-7DB1-4750-8767-54B987C41FF9}"
EndProject
Project("{9A19103F-16F7-4668-BE54-9A1E7A4F7556}") = "Interfaces", "Model\Interfaces\Interfaces.csproj", "{073112B6-7475-4E44-9183-4E4ED6121096}"
EndProject
Project("{9A19103F-16F7-4668-BE54-9A1E7A4F7556}") = "Menu", "Model\Menu\Menu.csproj", "{CC0333CA-4BA4-4939-8E31-27BB13D7446B}"
EndProject
Project("{9A19103F-16F7-4668-BE54-9A1E7A4F7556}") = "Services", "Model\Services\Services.csproj", "{135A2AA2-2A6D-4527-859D-C900BB82BEFC}"
EndProject
Project("{9A19103F-16F7-4668-BE54-9A1E7A4F7556}") = "ViewModels", "Model\ViewModels\ViewModels.csproj", "{E24D7AB8-6AF5-4E51-B603-395F99213054}"
EndProject
Global
	GlobalSection(SolutionConfigurationPlatforms) = preSolution
		Debug|Any CPU = Debug|Any CPU
		Release|Any CPU = Release|Any CPU
	EndGlobalSection
	GlobalSection(ProjectConfigurationPlatforms) = postSolution
		{637EC1E3-2F22-4359-B521-3CA32F4510DD}.Debug|Any CPU.ActiveCfg = Debug|Any CPU
		{637EC1E3-2F22-4359-B521-3CA32F4510DD}.Debug|Any CPU.Build.0 = Debug|Any CPU
		{637EC1E3-2F22-4359-B521-3CA32F4510DD}.Release|Any CPU.ActiveCfg = Release|Any CPU
		{637EC1E3-2F22-4359-B521-3CA32F4510DD}.Release|Any CPU.Build.0 = Release|Any CPU
		{E74391D0-7E22-4E7D-9FC2-310220635416}.Debug|Any CPU.ActiveCfg = Debug|Any CPU
		{E74391D0-7E22-4E7D-9FC2-310220635416}.Debug|Any CPU.Build.0 = Debug|Any CPU
		{E74391D0-7E22-4E7D-9FC2-310220635416}.Release|Any CPU.ActiveCfg = Release|Any CPU
		{E74391D0-7E22-4E7D-9FC2-310220635416}.Release|Any CPU.Build.0 = Release|Any CPU
		{4438B855-12FC-4ED4-A622-362623912233}.Debug|Any CPU.ActiveCfg = Debug|Any CPU
		{4438B855-12FC-4ED4-A622-362623912233}.Debug|Any CPU.Build.0 = Debug|Any CPU
		{4438B855-12FC-4ED4-A622-362623912233}.Release|Any CPU.ActiveCfg = Release|Any CPU
		{4438B855-12FC-4ED4-A622-362623912233}.Release|Any CPU.Build.0 = Release|Any CPU
		{6D14E72C-75C3-4258-8CD7-F28A8123C10D}.Debug|Any CPU.ActiveCfg = Debug|Any CPU
		{6D14E72C-75C3-4258-8CD7-F28A8123C10D}.Debug|Any CPU.Build.0 = Debug|Any CPU
		{6D14E72C-75C3-4258-8CD7-F28A8123C10D}.Release|Any CPU.ActiveCfg = Release|Any CPU
		{6D14E72C-75C3-4258-8CD7-F28A8123C10D}.Release|Any CPU.Build.0 = Release|Any CPU
		{A25F871F-4668-4A6C-854B-B1AAA70DD3F5}.Debug|Any CPU.ActiveCfg = Debug|Any CPU
		{A25F871F-4668-4A6C-854B-B1AAA70DD3F5}.Debug|Any CPU.Build.0 = Debug|Any CPU
		{A25F871F-4668-4A6C-854B-B1AAA70DD3F5}.Release|Any CPU.ActiveCfg = Release|Any CPU
		{A25F871F-4668-4A6C-854B-B1AAA70DD3F5}.Release|Any CPU.Build.0 = Release|Any CPU
		{E58A0E16-1B62-4396-B126-BB2BC20854D4}.Debug|Any CPU.ActiveCfg = Debug|Any CPU
		{E58A0E16-1B62-4396-B126-BB2BC20854D4}.Debug|Any CPU.Build.0 = Debug|Any CPU
		{E58A0E16-1B62-4396-B126-BB2BC20854D4}.Release|Any CPU.ActiveCfg = Release|Any CPU
		{E58A0E16-1B62-4396-B126-BB2BC20854D4}.Release|Any CPU.Build.0 = Release|Any CPU
		{71BEDEC0-695F-497F-A205-04E5EBA0739E}.Debug|Any CPU.ActiveCfg = Debug|Any CPU
		{71BEDEC0-695F-497F-A205-04E5EBA0739E}.Debug|Any CPU.Build.0 = Debug|Any CPU
		{71BEDEC0-695F-497F-A205-04E5EBA0739E}.Release|Any CPU.ActiveCfg = Release|Any CPU
		{71BEDEC0-695F-497F-A205-04E5EBA0739E}.Release|Any CPU.Build.0 = Release|Any CPU
		{D010BA3E-4181-444E-B54D-600E3C87B4F2}.Debug|Any CPU.ActiveCfg = Debug|Any CPU
		{D010BA3E-4181-444E-B54D-600E3C87B4F2}.Debug|Any CPU.Build.0 = Debug|Any CPU
		{D010BA3E-4181-444E-B54D-600E3C87B4F2}.Release|Any CPU.ActiveCfg = Release|Any CPU
		{D010BA3E-4181-444E-B54D-600E3C87B4F2}.Release|Any CPU.Build.0 = Release|Any CPU
		{7B7B77A3-563A-42AF-A632-A51D84E29A10}.Debug|Any CPU.ActiveCfg = Debug|Any CPU
		{7B7B77A3-563A-42AF-A632-A51D84E29A10}.Debug|Any CPU.Build.0 = Debug|Any CPU
		{7B7B77A3-563A-42AF-A632-A51D84E29A10}.Release|Any CPU.ActiveCfg = Release|Any CPU
		{7B7B77A3-563A-42AF-A632-A51D84E29A10}.Release|Any CPU.Build.0 = Release|Any CPU
		{524FE444-26BA-4607-87BB-10E86558F020}.Debug|Any CPU.ActiveCfg = Debug|Any CPU
		{524FE444-26BA-4607-87BB-10E86558F020}.Debug|Any CPU.Build.0 = Debug|Any CPU
		{524FE444-26BA-4607-87BB-10E86558F020}.Release|Any CPU.ActiveCfg = Release|Any CPU
		{524FE444-26BA-4607-87BB-10E86558F020}.Release|Any CPU.Build.0 = Release|Any CPU
		{C1F1645A-0E74-41AD-9F0A-1DB8C6DA1C03}.Debug|Any CPU.ActiveCfg = Debug|Any CPU
		{C1F1645A-0E74-41AD-9F0A-1DB8C6DA1C03}.Debug|Any CPU.Build.0 = Debug|Any CPU
		{C1F1645A-0E74-41AD-9F0A-1DB8C6DA1C03}.Release|Any CPU.ActiveCfg = Release|Any CPU
		{C1F1645A-0E74-41AD-9F0A-1DB8C6DA1C03}.Release|Any CPU.Build.0 = Release|Any CPU
		{4CBF980E-44B2-44C6-9CE3-2E5845A7225E}.Debug|Any CPU.ActiveCfg = Debug|Any CPU
		{4CBF980E-44B2-44C6-9CE3-2E5845A7225E}.Debug|Any CPU.Build.0 = Debug|Any CPU
		{4CBF980E-44B2-44C6-9CE3-2E5845A7225E}.Release|Any CPU.ActiveCfg = Release|Any CPU
		{4CBF980E-44B2-44C6-9CE3-2E5845A7225E}.Release|Any CPU.Build.0 = Release|Any CPU
		{0E89D104-9E15-40DD-8CAB-617903285D04}.Debug|Any CPU.ActiveCfg = Debug|Any CPU
		{0E89D104-9E15-40DD-8CAB-617903285D04}.Debug|Any CPU.Build.0 = Debug|Any CPU
		{0E89D104-9E15-40DD-8CAB-617903285D04}.Release|Any CPU.ActiveCfg = Release|Any CPU
		{0E89D104-9E15-40DD-8CAB-617903285D04}.Release|Any CPU.Build.0 = Release|Any CPU
		{702E5A6A-006F-4785-AA26-CE1D9839E29B}.Debug|Any CPU.ActiveCfg = Debug|Any CPU
		{702E5A6A-006F-4785-AA26-CE1D9839E29B}.Debug|Any CPU.Build.0 = Debug|Any CPU
		{702E5A6A-006F-4785-AA26-CE1D9839E29B}.Release|Any CPU.ActiveCfg = Release|Any CPU
		{702E5A6A-006F-4785-AA26-CE1D9839E29B}.Release|Any CPU.Build.0 = Release|Any CPU
		{5C5096EA-7DB1-4750-8767-54B987C41FF9}.Debug|Any CPU.ActiveCfg = Debug|Any CPU
		{5C5096EA-7DB1-4750-8767-54B987C41FF9}.Debug|Any CPU.Build.0 = Debug|Any CPU
		{5C5096EA-7DB1-4750-8767-54B987C41FF9}.Release|Any CPU.ActiveCfg = Release|Any CPU
		{5C5096EA-7DB1-4750-8767-54B987C41FF9}.Release|Any CPU.Build.0 = Release|Any CPU
		{073112B6-7475-4E44-9183-4E4ED6121096}.Debug|Any CPU.ActiveCfg = Debug|Any CPU
		{073112B6-7475-4E44-9183-4E4ED6121096}.Debug|Any CPU.Build.0 = Debug|Any CPU
		{073112B6-7475-4E44-9183-4E4ED6121096}.Release|Any CPU.ActiveCfg = Release|Any CPU
		{073112B6-7475-4E44-9183-4E4ED6121096}.Release|Any CPU.Build.0 = Release|Any CPU
		{CC0333CA-4BA4-4939-8E31-27BB13D7446B}.Debug|Any CPU.ActiveCfg = Debug|Any CPU
		{CC0333CA-4BA4-4939-8E31-27BB13D7446B}.Debug|Any CPU.Build.0 = Debug|Any CPU
		{CC0333CA-4BA4-4939-8E31-27BB13D7446B}.Release|Any CPU.ActiveCfg = Release|Any CPU
		{CC0333CA-4BA4-4939-8E31-27BB13D7446B}.Release|Any CPU.Build.0 = Release|Any CPU
		{135A2AA2-2A6D-4527-859D-C900BB82BEFC}.Debug|Any CPU.ActiveCfg = Debug|Any CPU
		{135A2AA2-2A6D-4527-859D-C900BB82BEFC}.Debug|Any CPU.Build.0 = Debug|Any CPU
		{135A2AA2-2A6D-4527-859D-C900BB82BEFC}.Release|Any CPU.ActiveCfg = Release|Any CPU
		{135A2AA2-2A6D-4527-859D-C900BB82BEFC}.Release|Any CPU.Build.0 = Release|Any CPU
		{E24D7AB8-6AF5-4E51-B603-395F99213054}.Debug|Any CPU.ActiveCfg = Debug|Any CPU
		{E24D7AB8-6AF5-4E51-B603-395F99213054}.Debug|Any CPU.Build.0 = Debug|Any CPU
		{E24D7AB8-6AF5-4E51-B603-395F99213054}.Release|Any CPU.ActiveCfg = Release|Any CPU
		{E24D7AB8-6AF5-4E51-B603-395F99213054}.Release|Any CPU.Build.0 = Release|Any CPU
	EndGlobalSection
	GlobalSection(SolutionProperties) = preSolution
		HideSolutionNode = FALSE
	EndGlobalSection
	GlobalSection(NestedProjects) = preSolution
		{458C2234-6979-4D40-BF7E-F0C1EF4DFFBB} = {557E5FB5-AA45-494A-8BEF-B744B7B480FD}
		{EFF54811-73F6-40CB-9F07-2EADD3E9F3FF} = {9DC26E62-8924-4472-839F-576B0F59C419}
		{637EC1E3-2F22-4359-B521-3CA32F4510DD} = {557E5FB5-AA45-494A-8BEF-B744B7B480FD}
		{E74391D0-7E22-4E7D-9FC2-310220635416} = {557E5FB5-AA45-494A-8BEF-B744B7B480FD}
		{4438B855-12FC-4ED4-A622-362623912233} = {557E5FB5-AA45-494A-8BEF-B744B7B480FD}
		{6D14E72C-75C3-4258-8CD7-F28A8123C10D} = {557E5FB5-AA45-494A-8BEF-B744B7B480FD}
		{D05DFA41-2C22-470D-8343-77F46C65CA5E} = {557E5FB5-AA45-494A-8BEF-B744B7B480FD}
		{A25F871F-4668-4A6C-854B-B1AAA70DD3F5} = {D05DFA41-2C22-470D-8343-77F46C65CA5E}
		{5C5BF768-1928-4C96-9C04-0F8E26F7D49B} = {9DC26E62-8924-4472-839F-576B0F59C419}
		{5D3ED6CE-45E9-4EAA-94CF-CC2011BDAD1F} = {557E5FB5-AA45-494A-8BEF-B744B7B480FD}
		{E58A0E16-1B62-4396-B126-BB2BC20854D4} = {5D3ED6CE-45E9-4EAA-94CF-CC2011BDAD1F}
		{71BEDEC0-695F-497F-A205-04E5EBA0739E} = {458C2234-6979-4D40-BF7E-F0C1EF4DFFBB}
		{D010BA3E-4181-444E-B54D-600E3C87B4F2} = {120A7975-7128-41DA-9406-DCAC80BECF81}
		{91C028D7-81ED-4308-836D-799441190A54} = {9DC26E62-8924-4472-839F-576B0F59C419}
		{118EABBA-B640-4DF6-BB99-37288FEF0648} = {9DC26E62-8924-4472-839F-576B0F59C419}
		{7B7B77A3-563A-42AF-A632-A51D84E29A10} = {9DC26E62-8924-4472-839F-576B0F59C419}
		{524FE444-26BA-4607-87BB-10E86558F020} = {9DC26E62-8924-4472-839F-576B0F59C419}
		{C1F1645A-0E74-41AD-9F0A-1DB8C6DA1C03} = {9DC26E62-8924-4472-839F-576B0F59C419}
		{4CBF980E-44B2-44C6-9CE3-2E5845A7225E} = {9DC26E62-8924-4472-839F-576B0F59C419}
		{0E89D104-9E15-40DD-8CAB-617903285D04} = {9DC26E62-8924-4472-839F-576B0F59C419}
		{702E5A6A-006F-4785-AA26-CE1D9839E29B} = {9DC26E62-8924-4472-839F-576B0F59C419}
		{5C5096EA-7DB1-4750-8767-54B987C41FF9} = {9DC26E62-8924-4472-839F-576B0F59C419}
		{073112B6-7475-4E44-9183-4E4ED6121096} = {91C028D7-81ED-4308-836D-799441190A54}
		{CC0333CA-4BA4-4939-8E31-27BB13D7446B} = {5C5BF768-1928-4C96-9C04-0F8E26F7D49B}
		{135A2AA2-2A6D-4527-859D-C900BB82BEFC} = {118EABBA-B640-4DF6-BB99-37288FEF0648}
		{E24D7AB8-6AF5-4E51-B603-395F99213054} = {EFF54811-73F6-40CB-9F07-2EADD3E9F3FF}
	EndGlobalSection
	GlobalSection(ExtensibilityGlobals) = postSolution
		SolutionGuid = {24C4C548-5A7C-4F33-947D-70E035FE841F}
	EndGlobalSection
EndGlobal
